
Microsoft Visual Studio Solution File, Format Version 12.00
Project("{FAE04EC0-301F-11D3-BF4B-00C04F79EFBC}") = "Reducto", "Reducto\Reducto.csproj", "{DB78EF74-B46E-4F2D-9243-F6D8D0BDDE30}"
EndProject
Project("{FAE04EC0-301F-11D3-BF4B-00C04F79EFBC}") = "TestReducto", "TestReducto\TestReducto.csproj", "{7893F716-001C-466F-AC78-F6CC7C6AA082}"
EndProject
Global
	GlobalSection(SolutionConfigurationPlatforms) = preSolution
		Debug|Any CPU = Debug|Any CPU
		Release|Any CPU = Release|Any CPU
	EndGlobalSection
	GlobalSection(ProjectConfigurationPlatforms) = postSolution
		{DB78EF74-B46E-4F2D-9243-F6D8D0BDDE30}.Debug|Any CPU.ActiveCfg = Debug|Any CPU
		{DB78EF74-B46E-4F2D-9243-F6D8D0BDDE30}.Debug|Any CPU.Build.0 = Debug|Any CPU
		{DB78EF74-B46E-4F2D-9243-F6D8D0BDDE30}.Release|Any CPU.ActiveCfg = Release|Any CPU
		{DB78EF74-B46E-4F2D-9243-F6D8D0BDDE30}.Release|Any CPU.Build.0 = Release|Any CPU
		{7893F716-001C-466F-AC78-F6CC7C6AA082}.Debug|Any CPU.ActiveCfg = Debug|Any CPU
		{7893F716-001C-466F-AC78-F6CC7C6AA082}.Debug|Any CPU.Build.0 = Debug|Any CPU
		{7893F716-001C-466F-AC78-F6CC7C6AA082}.Release|Any CPU.ActiveCfg = Release|Any CPU
		{7893F716-001C-466F-AC78-F6CC7C6AA082}.Release|Any CPU.Build.0 = Release|Any CPU
	EndGlobalSection
EndGlobal
